{
  "name": "example",
  "version": "1.0.0",
  "lockfileVersion": 1,
  "dependencies": {
    "vue-simple-slider": {
      "version": "1.0.1",
      "resolved": "https://registry.npmjs.org/vue-simple-slider/-/vue-simple-slider-1.0.1.tgz",
      "integrity": "sha512-ZLh1qYSxTS76dVAXhrwOsrFtVAlIXX56pi/0YDeV3xS4Sr/GSjk2P29y4+MBboWyE/OdYoH4GA+NeS8sxB8CaQ=="
    }
  }
}
